// !$*UTF8*$!
{
	archiveVersion = 1;
	classes = {
	};
	objectVersion = 55;
	objects = {

/* Begin PBXBuildFile section */
		7C1210DA2854F87A00BD55FB /* AppDelegate.swift in Sources */ = {isa = PBXBuildFile; fileRef = 7C1210D92854F87A00BD55FB /* AppDelegate.swift */; };
		7C1210DC2854F87A00BD55FB /* SceneDelegate.swift in Sources */ = {isa = PBXBuildFile; fileRef = 7C1210DB2854F87A00BD55FB /* SceneDelegate.swift */; };
		7C1210DE2854F87A00BD55FB /* ViewController.swift in Sources */ = {isa = PBXBuildFile; fileRef = 7C1210DD2854F87A00BD55FB /* ViewController.swift */; };
		7C1210E12854F87A00BD55FB /* Main.storyboard in Resources */ = {isa = PBXBuildFile; fileRef = 7C1210DF2854F87A00BD55FB /* Main.storyboard */; };
		7C1210E32854F87C00BD55FB /* Assets.xcassets in Resources */ = {isa = PBXBuildFile; fileRef = 7C1210E22854F87C00BD55FB /* Assets.xcassets */; };
		7C1210E62854F87C00BD55FB /* LaunchScreen.storyboard in Resources */ = {isa = PBXBuildFile; fileRef = 7C1210E42854F87C00BD55FB /* LaunchScreen.storyboard */; };
		7C1210F02855109200BD55FB /* Get_Breeds.swift in Sources */ = {isa = PBXBuildFile; fileRef = 7C1210EF2855109200BD55FB /* Get_Breeds.swift */; };
		7C1210F228553AD400BD55FB /* BreedCell.xib in Resources */ = {isa = PBXBuildFile; fileRef = 7C1210F128553AD400BD55FB /* BreedCell.xib */; };
		7C1210F428553CBE00BD55FB /* BreedCell.swift in Sources */ = {isa = PBXBuildFile; fileRef = 7C1210F328553CBE00BD55FB /* BreedCell.swift */; };
		7C74A132287F4A7300D3AA96 /* DogDetailController.swift in Sources */ = {isa = PBXBuildFile; fileRef = 7C74A131287F4A7300D3AA96 /* DogDetailController.swift */; };
/* End PBXBuildFile section */

/* Begin PBXFileReference section */
		7C1210D62854F87A00BD55FB /* Dog Breed.app */ = {isa = PBXFileReference; explicitFileType = wrapper.application; includeInIndex = 0; path = "Dog Breed.app"; sourceTree = BUILT_PRODUCTS_DIR; };
		7C1210D92854F87A00BD55FB /* AppDelegate.swift */ = {isa = PBXFileReference; lastKnownFileType = sourcecode.swift; path = AppDelegate.swift; sourceTree = "<group>"; };
		7C1210DB2854F87A00BD55FB /* SceneDelegate.swift */ = {isa = PBXFileReference; lastKnownFileType = sourcecode.swift; path = SceneDelegate.swift; sourceTree = "<group>"; };
		7C1210DD2854F87A00BD55FB /* ViewController.swift */ = {isa = PBXFileReference; lastKnownFileType = sourcecode.swift; path = ViewController.swift; sourceTree = "<group>"; };
		7C1210E02854F87A00BD55FB /* Base */ = {isa = PBXFileReference; lastKnownFileType = file.storyboard; name = Base; path = Base.lproj/Main.storyboard; sourceTree = "<group>"; };
		7C1210E22854F87C00BD55FB /* Assets.xcassets */ = {isa = PBXFileReference; lastKnownFileType = folder.assetcatalog; path = Assets.xcassets; sourceTree = "<group>"; };
		7C1210E52854F87C00BD55FB /* Base */ = {isa = PBXFileReference; lastKnownFileType = file.storyboard; name = Base; path = Base.lproj/LaunchScreen.storyboard; sourceTree = "<group>"; };
		7C1210E72854F87C00BD55FB /* Info.plist */ = {isa = PBXFileReference; lastKnownFileType = text.plist.xml; path = Info.plist; sourceTree = "<group>"; };
		7C1210EF2855109200BD55FB /* Get_Breeds.swift */ = {isa = PBXFileReference; lastKnownFileType = sourcecode.swift; path = Get_Breeds.swift; sourceTree = "<group>"; };
		7C1210F128553AD400BD55FB /* BreedCell.xib */ = {isa = PBXFileReference; lastKnownFileType = file.xib; path = BreedCell.xib; sourceTree = "<group>"; };
		7C1210F328553CBE00BD55FB /* BreedCell.swift */ = {isa = PBXFileReference; lastKnownFileType = sourcecode.swift; path = BreedCell.swift; sourceTree = "<group>"; };
		7C74A131287F4A7300D3AA96 /* DogDetailController.swift */ = {isa = PBXFileReference; lastKnownFileType = sourcecode.swift; path = DogDetailController.swift; sourceTree = "<group>"; };
/* End PBXFileReference section */

/* Begin PBXFrameworksBuildPhase section */
		7C1210D32854F87A00BD55FB /* Frameworks */ = {
			isa = PBXFrameworksBuildPhase;
			buildActionMask = 2147483647;
			files = (
			);
			runOnlyForDeploymentPostprocessing = 0;
		};
/* End PBXFrameworksBuildPhase section */

/* Begin PBXGroup section */
		7C1210CD2854F87A00BD55FB = {
			isa = PBXGroup;
			children = (
				7C1210D82854F87A00BD55FB /* Dog Breed */,
				7C1210D72854F87A00BD55FB /* Products */,
			);
			sourceTree = "<group>";
		};
		7C1210D72854F87A00BD55FB /* Products */ = {
			isa = PBXGroup;
			children = (
				7C1210D62854F87A00BD55FB /* Dog Breed.app */,
			);
			name = Products;
			sourceTree = "<group>";
		};
		7C1210D82854F87A00BD55FB /* Dog Breed */ = {
			isa = PBXGroup;
			children = (
				7C1210D92854F87A00BD55FB /* AppDelegate.swift */,
				7C1210DB2854F87A00BD55FB /* SceneDelegate.swift */,
				7C1210DD2854F87A00BD55FB /* ViewController.swift */,
				7C1210DF2854F87A00BD55FB /* Main.storyboard */,
				7C1210E22854F87C00BD55FB /* Assets.xcassets */,
				7C1210E42854F87C00BD55FB /* LaunchScreen.storyboard */,
				7C1210E72854F87C00BD55FB /* Info.plist */,
				7C1210EF2855109200BD55FB /* Get_Breeds.swift */,
				7C1210F128553AD400BD55FB /* BreedCell.xib */,
				7C1210F328553CBE00BD55FB /* BreedCell.swift */,
				7C74A131287F4A7300D3AA96 /* DogDetailController.swift */,
			);
			path = "Dog Breed";
			sourceTree = "<group>";
		};
/* End PBXGroup section */

/* Begin PBXNativeTarget section */
		7C1210D52854F87A00BD55FB /* Dog Breed */ = {
			isa = PBXNativeTarget;
			buildConfigurationList = 7C1210EA2854F87C00BD55FB /* Build configuration list for PBXNativeTarget "Dog Breed" */;
			buildPhases = (
				7C1210D22854F87A00BD55FB /* Sources */,
				7C1210D32854F87A00BD55FB /* Frameworks */,
				7C1210D42854F87A00BD55FB /* Resources */,
			);
			buildRules = (
			);
			dependencies = (
			);
			name = "Dog Breed";
			productName = "Dog Breed";
			productReference = 7C1210D62854F87A00BD55FB /* Dog Breed.app */;
			productType = "com.apple.product-type.application";
		};
/* End PBXNativeTarget section */

/* Begin PBXProject section */
		7C1210CE2854F87A00BD55FB /* Project object */ = {
			isa = PBXProject;
			attributes = {
				BuildIndependentTargetsInParallel = 1;
				LastSwiftUpdateCheck = 1320;
				LastUpgradeCheck = 1320;
				TargetAttributes = {
					7C1210D52854F87A00BD55FB = {
						CreatedOnToolsVersion = 13.2.1;
					};
				};
			};
			buildConfigurationList = 7C1210D12854F87A00BD55FB /* Build configuration list for PBXProject "Dog Breed" */;
			compatibilityVersion = "Xcode 13.0";
			developmentRegion = en;
			hasScannedForEncodings = 0;
			knownRegions = (
				en,
				Base,
			);
			mainGroup = 7C1210CD2854F87A00BD55FB;
			productRefGroup = 7C1210D72854F87A00BD55FB /* Products */;
			projectDirPath = "";
			projectRoot = "";
			targets = (
				7C1210D52854F87A00BD55FB /* Dog Breed */,
			);
		};
/* End PBXProject section */

/* Begin PBXResourcesBuildPhase section */
		7C1210D42854F87A00BD55FB /* Resources */ = {
			isa = PBXResourcesBuildPhase;
			buildActionMask = 2147483647;
			files = (
				7C1210F228553AD400BD55FB /* BreedCell.xib in Resources */,
				7C1210E62854F87C00BD55FB /* LaunchScreen.storyboard in Resources */,
				7C1210E32854F87C00BD55FB /* Assets.xcassets in Resources */,
				7C1210E12854F87A00BD55FB /* Main.storyboard in Resources */,
			);
			runOnlyForDeploymentPostprocessing = 0;
		};
/* End PBXResourcesBuildPhase section */

/* Begin PBXSourcesBuildPhase section */
		7C1210D22854F87A00BD55FB /* Sources */ = {
			isa = PBXSourcesBuildPhase;
			buildActionMask = 2147483647;
			files = (
				7C1210DE2854F87A00BD55FB /* ViewController.swift in Sources */,
				7C1210DA2854F87A00BD55FB /* AppDelegate.swift in Sources */,
				7C1210DC2854F87A00BD55FB /* SceneDelegate.swift in Sources */,
				7C1210F428553CBE00BD55FB /* BreedCell.swift in Sources */,
				7C1210F02855109200BD55FB /* Get_Breeds.swift in Sources */,
				7C74A132287F4A7300D3AA96 /* DogDetailController.swift in Sources */,
			);
			runOnlyForDeploymentPostprocessing = 0;
		};
/* End PBXSourcesBuildPhase section */

/* Begin PBXVariantGroup section */
		7C1210DF2854F87A00BD55FB /* Main.storyboard */ = {
			isa = PBXVariantGroup;
			children = (
				7C1210E02854F87A00BD55FB /* Base */,
			);
			name = Main.storyboard;
			sourceTree = "<group>";
		};
		7C1210E42854F87C00BD55FB /* LaunchScreen.storyboard */ = {
			isa = PBXVariantGroup;
			children = (
				7C1210E52854F87C00BD55FB /* Base */,
			);
			name = LaunchScreen.storyboard;
			sourceTree = "<group>";
		};
/* End PBXVariantGroup section */

/* Begin XCBuildConfiguration section */
		7C1210E82854F87C00BD55FB /* Debug */ = {
			isa = XCBuildConfiguration;
			buildSettings = {
				ALWAYS_SEARCH_USER_PATHS = NO;
				CLANG_ANALYZER_NONNULL = YES;
				CLANG_ANALYZER_NUMBER_OBJECT_CONVERSION = YES_AGGRESSIVE;
				CLANG_CXX_LANGUAGE_STANDARD = "gnu++17";
				CLANG_CXX_LIBRARY = "libc++";
				CLANG_ENABLE_MODULES = YES;
				CLANG_ENABLE_OBJC_ARC = YES;
				CLANG_ENABLE_OBJC_WEAK = YES;
				CLANG_WARN_BLOCK_CAPTURE_AUTORELEASING = YES;
				CLANG_WARN_BOOL_CONVERSION = YES;
				CLANG_WARN_COMMA = YES;
				CLANG_WARN_CONSTANT_CONVERSION = YES;
				CLANG_WARN_DEPRECATED_OBJC_IMPLEMENTATIONS = YES;
				CLANG_WARN_DIRECT_OBJC_ISA_USAGE = YES_ERROR;
				CLANG_WARN_DOCUMENTATION_COMMENTS = YES;
				CLANG_WARN_EMPTY_BODY = YES;
				CLANG_WARN_ENUM_CONVERSION = YES;
				CLANG_WARN_INFINITE_RECURSION = YES;
				CLANG_WARN_INT_CONVERSION = YES;
				CLANG_WARN_NON_LITERAL_NULL_CONVERSION = YES;
				CLANG_WARN_OBJC_IMPLICIT_RETAIN_SELF = YES;
				CLANG_WARN_OBJC_LITERAL_CONVERSION = YES;
				CLANG_WARN_OBJC_ROOT_CLASS = YES_ERROR;
				CLANG_WARN_QUOTED_INCLUDE_IN_FRAMEWORK_HEADER = YES;
				CLANG_WARN_RANGE_LOOP_ANALYSIS = YES;
				CLANG_WARN_STRICT_PROTOTYPES = YES;
				CLANG_WARN_SUSPICIOUS_MOVE = YES;
				CLANG_WARN_UNGUARDED_AVAILABILITY = YES_AGGRESSIVE;
				CLANG_WARN_UNREACHABLE_CODE = YES;
				CLANG_WARN__DUPLICATE_METHOD_MATCH = YES;
				COPY_PHASE_STRIP = NO;
				DEBUG_INFORMATION_FORMAT = dwarf;
				ENABLE_STRICT_OBJC_MSGSEND = YES;
				ENABLE_TESTABILITY = YES;
				GCC_C_LANGUAGE_STANDARD = gnu11;
				GCC_DYNAMIC_NO_PIC = NO;
				GCC_NO_COMMON_BLOCKS = YES;
				GCC_OPTIMIZATION_LEVEL = 0;
				GCC_PREPROCESSOR_DEFINITIONS = (
					"DEBUG=1",
					"$(inherited)",
				);
				GCC_WARN_64_TO_32_BIT_CONVERSION = YES;
				GCC_WARN_ABOUT_RETURN_TYPE = YES_ERROR;
				GCC_WARN_UNDECLARED_SELECTOR = YES;
				GCC_WARN_UNINITIALIZED_AUTOS = YES_AGGRESSIVE;
				GCC_WARN_UNUSED_FUNCTION = YES;
				GCC_WARN_UNUSED_VARIABLE = YES;
				IPHONEOS_DEPLOYMENT_TARGET = 15.2;
				MTL_ENABLE_DEBUG_INFO = INCLUDE_SOURCE;
				MTL_FAST_MATH = YES;
				ONLY_ACTIVE_ARCH = YES;
				SDKROOT = iphoneos;
				SWIFT_ACTIVE_COMPILATION_CONDITIONS = DEBUG;
				SWIFT_OPTIMIZATION_LEVEL = "-Onone";
			};
			name = Debug;
		};
		7C1210E92854F87C00BD55FB /* Release */ = {
			isa = XCBuildConfiguration;
			buildSettings = {
				ALWAYS_SEARCH_USER_PATHS = NO;
				CLANG_ANALYZER_NONNULL = YES;
				CLANG_ANALYZER_NUMBER_OBJECT_CONVERSION = YES_AGGRESSIVE;
				CLANG_CXX_LANGUAGE_STANDARD = "gnu++17";
				CLANG_CXX_LIBRARY = "libc++";
				CLANG_ENABLE_MODULES = YES;
				CLANG_ENABLE_OBJC_ARC = YES;
				CLANG_ENABLE_OBJC_WEAK = YES;
				CLANG_WARN_BLOCK_CAPTURE_AUTORELEASING = YES;
				CLANG_WARN_BOOL_CONVERSION = YES;
				CLANG_WARN_COMMA = YES;
				CLANG_WARN_CONSTANT_CONVERSION = YES;
				CLANG_WARN_DEPRECATED_OBJC_IMPLEMENTATIONS = YES;
				CLANG_WARN_DIRECT_OBJC_ISA_USAGE = YES_ERROR;
				CLANG_WARN_DOCUMENTATION_COMMENTS = YES;
				CLANG_WARN_EMPTY_BODY = YES;
				CLANG_WARN_ENUM_CONVERSION = YES;
				CLANG_WARN_INFINITE_RECURSION = YES;
				CLANG_WARN_INT_CONVERSION = YES;
				CLANG_WARN_NON_LITERAL_NULL_CONVERSION = YES;
				CLANG_WARN_OBJC_IMPLICIT_RETAIN_SELF = YES;
				CLANG_WARN_OBJC_LITERAL_CONVERSION = YES;
				CLANG_WARN_OBJC_ROOT_CLASS = YES_ERROR;
				CLANG_WARN_QUOTED_INCLUDE_IN_FRAMEWORK_HEADER = YES;
				CLANG_WARN_RANGE_LOOP_ANALYSIS = YES;
				CLANG_WARN_STRICT_PROTOTYPES = YES;
				CLANG_WARN_SUSPICIOUS_MOVE = YES;
				CLANG_WARN_UNGUARDED_AVAILABILITY = YES_AGGRESSIVE;
				CLANG_WARN_UNREACHABLE_CODE = YES;
				CLANG_WARN__DUPLICATE_METHOD_MATCH = YES;
				COPY_PHASE_STRIP = NO;
				DEBUG_INFORMATION_FORMAT = "dwarf-with-dsym";
				ENABLE_NS_ASSERTIONS = NO;
				ENABLE_STRICT_OBJC_MSGSEND = YES;
				GCC_C_LANGUAGE_STANDARD = gnu11;
				GCC_NO_COMMON_BLOCKS = YES;
				GCC_WARN_64_TO_32_BIT_CONVERSION = YES;
				GCC_WARN_ABOUT_RETURN_TYPE = YES_ERROR;
				GCC_WARN_UNDECLARED_SELECTOR = YES;
				GCC_WARN_UNINITIALIZED_AUTOS = YES_AGGRESSIVE;
				GCC_WARN_UNUSED_FUNCTION = YES;
				GCC_WARN_UNUSED_VARIABLE = YES;
				IPHONEOS_DEPLOYMENT_TARGET = 15.2;
				MTL_ENABLE_DEBUG_INFO = NO;
				MTL_FAST_MATH = YES;
				SDKROOT = iphoneos;
				SWIFT_COMPILATION_MODE = wholemodule;
				SWIFT_OPTIMIZATION_LEVEL = "-O";
				VALIDATE_PRODUCT = YES;
			};
			name = Release;
		};
		7C1210EB2854F87C00BD55FB /* Debug */ = {
			isa = XCBuildConfiguration;
			buildSettings = {
				ASSETCATALOG_COMPILER_APPICON_NAME = AppIcon;
				ASSETCATALOG_COMPILER_GLOBAL_ACCENT_COLOR_NAME = AccentColor;
				CODE_SIGN_STYLE = Automatic;
				CURRENT_PROJECT_VERSION = 1;
				GENERATE_INFOPLIST_FILE = YES;
				INFOPLIST_FILE = "Dog Breed/Info.plist";
				INFOPLIST_KEY_UIApplicationSupportsIndirectInputEvents = YES;
				INFOPLIST_KEY_UILaunchStoryboardName = LaunchScreen;
				INFOPLIST_KEY_UIMainStoryboardFile = Main;
				INFOPLIST_KEY_UISupportedInterfaceOrientations_iPad = "UIInterfaceOrientationPortrait UIInterfaceOrientationPortraitUpsideDown UIInterfaceOrientationLandscapeLeft UIInterfaceOrientationLandscapeRight";
				INFOPLIST_KEY_UISupportedInterfaceOrientations_iPhone = "UIInterfaceOrientationPortrait UIInterfaceOrientationLandscapeLeft UIInterfaceOrientationLandscapeRight";
				LD_RUNPATH_SEARCH_PATHS = (
					"$(inherited)",
					"@executable_path/Frameworks",
				);
				MARKETING_VERSION = 1.0;
				PRODUCT_BUNDLE_IDENTIFIER = "com.msb.Dog-Breed";
				PRODUCT_NAME = "$(TARGET_NAME)";
				SWIFT_EMIT_LOC_STRINGS = YES;
				SWIFT_VERSION = 5.0;
				TARGETED_DEVICE_FAMILY = "1,2";
			};
			name = Debug;
		};
		7C1210EC2854F87C00BD55FB /* Release */ = {
			isa = XCBuildConfiguration;
			buildSettings = {
				ASSETCATALOG_COMPILER_APPICON_NAME = AppIcon;
				ASSETCATALOG_COMPILER_GLOBAL_ACCENT_COLOR_NAME = AccentColor;
				CODE_SIGN_STYLE = Automatic;
				CURRENT_PROJECT_VERSION = 1;
				GENERATE_INFOPLIST_FILE = YES;
				INFOPLIST_FILE = "Dog Breed/Info.plist";
				INFOPLIST_KEY_UIApplicationSupportsIndirectInputEvents = YES;
				INFOPLIST_KEY_UILaunchStoryboardName = LaunchScreen;
				INFOPLIST_KEY_UIMainStoryboardFile = Main;
				INFOPLIST_KEY_UISupportedInterfaceOrientations_iPad = "UIInterfaceOrientationPortrait UIInterfaceOrientationPortraitUpsideDown UIInterfaceOrientationLandscapeLeft UIInterfaceOrientationLandscapeRight";
				INFOPLIST_KEY_UISupportedInterfaceOrientations_iPhone = "UIInterfaceOrientationPortrait UIInterfaceOrientationLandscapeLeft UIInterfaceOrientationLandscapeRight";
				LD_RUNPATH_SEARCH_PATHS = (
					"$(inherited)",
					"@executable_path/Frameworks",
				);
				MARKETING_VERSION = 1.0;
				PRODUCT_BUNDLE_IDENTIFIER = "com.msb.Dog-Breed";
				PRODUCT_NAME = "$(TARGET_NAME)";
				SWIFT_EMIT_LOC_STRINGS = YES;
				SWIFT_VERSION = 5.0;
				TARGETED_DEVICE_FAMILY = "1,2";
			};
			name = Release;
		};
/* End XCBuildConfiguration section */

/* Begin XCConfigurationList section */
		7C1210D12854F87A00BD55FB /* Build configuration list for PBXProject "Dog Breed" */ = {
			isa = XCConfigurationList;
			buildConfigurations = (
				7C1210E82854F87C00BD55FB /* Debug */,
				7C1210E92854F87C00BD55FB /* Release */,
			);
			defaultConfigurationIsVisible = 0;
			defaultConfigurationName = Release;
		};
		7C1210EA2854F87C00BD55FB /* Build configuration list for PBXNativeTarget "Dog Breed" */ = {
			isa = XCConfigurationList;
			buildConfigurations = (
				7C1210EB2854F87C00BD55FB /* Debug */,
				7C1210EC2854F87C00BD55FB /* Release */,
			);
			defaultConfigurationIsVisible = 0;
			defaultConfigurationName = Release;
		};
/* End XCConfigurationList section */
	};
	rootObject = 7C1210CE2854F87A00BD55FB /* Project object */;
}
